
Microsoft Visual Studio Solution File, Format Version 12.00
# Visual Studio Version 17
VisualStudioVersion = 17.14.36310.24
MinimumVisualStudioVersion = 10.0.40219.1
Project("{8BC9CEB8-8B4A-11D0-8D11-00A0C91BC942}") = "Lina", "Lina\Lina.vcxproj", "{E9487239-BAD2-4933-B574-88FAC8F36914}"
EndProject
Project("{8BC9CEB8-8B4A-11D0-8D11-00A0C91BC942}") = "Lina.Tests", "Lina.Tests\Lina.Tests.vcxproj", "{CB72BDC4-FCA2-1F6F-0D59-B249B935CACA}"
EndProject
Project("{2150E333-8FDC-42A3-9474-1A3956D46DE8}") = "Solution Files", "Solution Files", "{02EA681E-C7D8-13C7-8484-4AC65E1B71E8}"
	ProjectSection(SolutionItems) = preProject
		.gitignore = .gitignore
		.runsettings = .runsettings
		Hierachy Of Knowledge.md = Hierachy Of Knowledge.md
	EndProjectSection
EndProject
Project("{8BC9CEB8-8B4A-11D0-8D11-00A0C91BC942}") = "Modal", "Modal\Modal.vcxproj", "{FA8E224A-DBEA-4E61-8925-D24CFF522A92}"
EndProject
Project("{8BC9CEB8-8B4A-11D0-8D11-00A0C91BC942}") = "BD", "BD\BD.vcxproj", "{B4FFFE52-1774-4E8C-8388-D5121D5CA87F}"
EndProject
Project("{8BC9CEB8-8B4A-11D0-8D11-00A0C91BC942}") = "BD.Tests", "BD.Tests\BD.Tests.vcxproj", "{8F903CDB-DECD-D0AE-560A-293121EC8D74}"
EndProject
Project("{8BC9CEB8-8B4A-11D0-8D11-00A0C91BC942}") = "Transformers", "Transformers\Transformers.vcxproj", "{75018071-6A93-420F-AE67-EDA20D89708B}"
EndProject
Project("{8BC9CEB8-8B4A-11D0-8D11-00A0C91BC942}") = "Transformers.Tests", "Transformers.Tests\Transformers.Tests.vcxproj", "{68037606-78BD-91EB-B82D-218356162346}"
EndProject
Project("{2150E333-8FDC-42A3-9474-1A3956D46DE8}") = "src", "src", "{A71F7BE9-B947-4D31-90C8-DA888BA9123D}"
EndProject
Project("{2150E333-8FDC-42A3-9474-1A3956D46DE8}") = "tests", "tests", "{5B35A0E0-81A5-4CFB-BBE2-9383E60D1DD4}"
EndProject
Global
	GlobalSection(SolutionConfigurationPlatforms) = preSolution
		Debug|x64 = Debug|x64
		Debug|x86 = Debug|x86
		Release|x64 = Release|x64
		Release|x86 = Release|x86
	EndGlobalSection
	GlobalSection(ProjectConfigurationPlatforms) = postSolution
		{E9487239-BAD2-4933-B574-88FAC8F36914}.Debug|x64.ActiveCfg = Debug|x64
		{E9487239-BAD2-4933-B574-88FAC8F36914}.Debug|x64.Build.0 = Debug|x64
		{E9487239-BAD2-4933-B574-88FAC8F36914}.Debug|x86.ActiveCfg = Debug|Win32
		{E9487239-BAD2-4933-B574-88FAC8F36914}.Debug|x86.Build.0 = Debug|Win32
		{E9487239-BAD2-4933-B574-88FAC8F36914}.Release|x64.ActiveCfg = Release|x64
		{E9487239-BAD2-4933-B574-88FAC8F36914}.Release|x64.Build.0 = Release|x64
		{E9487239-BAD2-4933-B574-88FAC8F36914}.Release|x86.ActiveCfg = Release|Win32
		{E9487239-BAD2-4933-B574-88FAC8F36914}.Release|x86.Build.0 = Release|Win32
		{CB72BDC4-FCA2-1F6F-0D59-B249B935CACA}.Debug|x64.ActiveCfg = Debug|x64
		{CB72BDC4-FCA2-1F6F-0D59-B249B935CACA}.Debug|x64.Build.0 = Debug|x64
		{CB72BDC4-FCA2-1F6F-0D59-B249B935CACA}.Debug|x86.ActiveCfg = Debug|Win32
		{CB72BDC4-FCA2-1F6F-0D59-B249B935CACA}.Debug|x86.Build.0 = Debug|Win32
		{CB72BDC4-FCA2-1F6F-0D59-B249B935CACA}.Release|x64.ActiveCfg = Release|x64
		{CB72BDC4-FCA2-1F6F-0D59-B249B935CACA}.Release|x64.Build.0 = Release|x64
		{CB72BDC4-FCA2-1F6F-0D59-B249B935CACA}.Release|x86.ActiveCfg = Release|Win32
		{CB72BDC4-FCA2-1F6F-0D59-B249B935CACA}.Release|x86.Build.0 = Release|Win32
		{FA8E224A-DBEA-4E61-8925-D24CFF522A92}.Debug|x64.ActiveCfg = Debug|x64
		{FA8E224A-DBEA-4E61-8925-D24CFF522A92}.Debug|x64.Build.0 = Debug|x64
		{FA8E224A-DBEA-4E61-8925-D24CFF522A92}.Debug|x86.ActiveCfg = Debug|Win32
		{FA8E224A-DBEA-4E61-8925-D24CFF522A92}.Debug|x86.Build.0 = Debug|Win32
		{FA8E224A-DBEA-4E61-8925-D24CFF522A92}.Release|x64.ActiveCfg = Release|x64
		{FA8E224A-DBEA-4E61-8925-D24CFF522A92}.Release|x64.Build.0 = Release|x64
		{FA8E224A-DBEA-4E61-8925-D24CFF522A92}.Release|x86.ActiveCfg = Release|Win32
		{FA8E224A-DBEA-4E61-8925-D24CFF522A92}.Release|x86.Build.0 = Release|Win32
		{B4FFFE52-1774-4E8C-8388-D5121D5CA87F}.Debug|x64.ActiveCfg = Debug|x64
		{B4FFFE52-1774-4E8C-8388-D5121D5CA87F}.Debug|x64.Build.0 = Debug|x64
		{B4FFFE52-1774-4E8C-8388-D5121D5CA87F}.Debug|x86.ActiveCfg = Debug|Win32
		{B4FFFE52-1774-4E8C-8388-D5121D5CA87F}.Debug|x86.Build.0 = Debug|Win32
		{B4FFFE52-1774-4E8C-8388-D5121D5CA87F}.Release|x64.ActiveCfg = Release|x64
		{B4FFFE52-1774-4E8C-8388-D5121D5CA87F}.Release|x64.Build.0 = Release|x64
		{B4FFFE52-1774-4E8C-8388-D5121D5CA87F}.Release|x86.ActiveCfg = Release|Win32
		{B4FFFE52-1774-4E8C-8388-D5121D5CA87F}.Release|x86.Build.0 = Release|Win32
		{8F903CDB-DECD-D0AE-560A-293121EC8D74}.Debug|x64.ActiveCfg = Debug|x64
		{8F903CDB-DECD-D0AE-560A-293121EC8D74}.Debug|x64.Build.0 = Debug|x64
		{8F903CDB-DECD-D0AE-560A-293121EC8D74}.Debug|x86.ActiveCfg = Debug|Win32
		{8F903CDB-DECD-D0AE-560A-293121EC8D74}.Debug|x86.Build.0 = Debug|Win32
		{8F903CDB-DECD-D0AE-560A-293121EC8D74}.Release|x64.ActiveCfg = Release|x64
		{8F903CDB-DECD-D0AE-560A-293121EC8D74}.Release|x64.Build.0 = Release|x64
		{8F903CDB-DECD-D0AE-560A-293121EC8D74}.Release|x86.ActiveCfg = Release|Win32
		{8F903CDB-DECD-D0AE-560A-293121EC8D74}.Release|x86.Build.0 = Release|Win32
		{75018071-6A93-420F-AE67-EDA20D89708B}.Debug|x64.ActiveCfg = Debug|x64
		{75018071-6A93-420F-AE67-EDA20D89708B}.Debug|x64.Build.0 = Debug|x64
		{75018071-6A93-420F-AE67-EDA20D89708B}.Debug|x86.ActiveCfg = Debug|Win32
		{75018071-6A93-420F-AE67-EDA20D89708B}.Debug|x86.Build.0 = Debug|Win32
		{75018071-6A93-420F-AE67-EDA20D89708B}.Release|x64.ActiveCfg = Release|x64
		{75018071-6A93-420F-AE67-EDA20D89708B}.Release|x64.Build.0 = Release|x64
		{75018071-6A93-420F-AE67-EDA20D89708B}.Release|x86.ActiveCfg = Release|Win32
		{75018071-6A93-420F-AE67-EDA20D89708B}.Release|x86.Build.0 = Release|Win32
		{68037606-78BD-91EB-B82D-218356162346}.Debug|x64.ActiveCfg = Debug|x64
		{68037606-78BD-91EB-B82D-218356162346}.Debug|x64.Build.0 = Debug|x64
		{68037606-78BD-91EB-B82D-218356162346}.Debug|x86.ActiveCfg = Debug|Win32
		{68037606-78BD-91EB-B82D-218356162346}.Debug|x86.Build.0 = Debug|Win32
		{68037606-78BD-91EB-B82D-218356162346}.Release|x64.ActiveCfg = Release|x64
		{68037606-78BD-91EB-B82D-218356162346}.Release|x64.Build.0 = Release|x64
		{68037606-78BD-91EB-B82D-218356162346}.Release|x86.ActiveCfg = Release|Win32
		{68037606-78BD-91EB-B82D-218356162346}.Release|x86.Build.0 = Release|Win32
	EndGlobalSection
	GlobalSection(SolutionProperties) = preSolution
		HideSolutionNode = FALSE
	EndGlobalSection
	GlobalSection(NestedProjects) = preSolution
		{E9487239-BAD2-4933-B574-88FAC8F36914} = {A71F7BE9-B947-4D31-90C8-DA888BA9123D}
		{CB72BDC4-FCA2-1F6F-0D59-B249B935CACA} = {5B35A0E0-81A5-4CFB-BBE2-9383E60D1DD4}
		{FA8E224A-DBEA-4E61-8925-D24CFF522A92} = {A71F7BE9-B947-4D31-90C8-DA888BA9123D}
		{B4FFFE52-1774-4E8C-8388-D5121D5CA87F} = {A71F7BE9-B947-4D31-90C8-DA888BA9123D}
		{8F903CDB-DECD-D0AE-560A-293121EC8D74} = {5B35A0E0-81A5-4CFB-BBE2-9383E60D1DD4}
		{75018071-6A93-420F-AE67-EDA20D89708B} = {A71F7BE9-B947-4D31-90C8-DA888BA9123D}
		{68037606-78BD-91EB-B82D-218356162346} = {5B35A0E0-81A5-4CFB-BBE2-9383E60D1DD4}
	EndGlobalSection
	GlobalSection(ExtensibilityGlobals) = postSolution
		SolutionGuid = {8C88B462-ADB0-4CE0-99BC-D9960DB1EE86}
	EndGlobalSection
EndGlobal
